
Microsoft Visual Studio Solution File, Format Version 12.00
# Visual Studio Version 16
VisualStudioVersion = 16.0.29609.76
MinimumVisualStudioVersion = 10.0.40219.1
Project("{FAE04EC0-301F-11D3-BF4B-00C04F79EFBC}") = "TrueLayer.Scraper", "TrueLayer.Scraper\TrueLayer.Scraper.csproj", "{59148CF2-66CE-41E6-B9AC-FE002A9A742A}"
EndProject
Project("{FAE04EC0-301F-11D3-BF4B-00C04F79EFBC}") = "TrueLayer.Scraper.AcceptanceTests", "TrueLayer.Scraper.AcceptanceTests\TrueLayer.Scraper.AcceptanceTests.csproj", "{B9058C65-499A-4D17-B9A2-6A31FBA4C5AD}"
EndProject
Project("{FAE04EC0-301F-11D3-BF4B-00C04F79EFBC}") = "TrueLayer.Scraper.Domain", "TrueLayer.Scraper.Domain\TrueLayer.Scraper.Domain.csproj", "{7B9ED4D9-2659-449B-BA64-36FECFC2E064}"
EndProject
Project("{FAE04EC0-301F-11D3-BF4B-00C04F79EFBC}") = "TrueLayer.Scraper.Business", "TrueLayer.Scraper.Business\TrueLayer.Scraper.Business.csproj", "{7023ACFD-6A65-4999-ACEE-5596D8745D62}"
EndProject
Project("{FAE04EC0-301F-11D3-BF4B-00C04F79EFBC}") = "TrueLayer.Scraper.Business.Tests", "TrueLayer.Scraper.Business.Tests\TrueLayer.Scraper.Business.Tests.csproj", "{FE958DBF-8C81-492B-B32D-82FD51E1E243}"
EndProject
Global
	GlobalSection(SolutionConfigurationPlatforms) = preSolution
		Debug|Any CPU = Debug|Any CPU
		Release|Any CPU = Release|Any CPU
	EndGlobalSection
	GlobalSection(ProjectConfigurationPlatforms) = postSolution
		{59148CF2-66CE-41E6-B9AC-FE002A9A742A}.Debug|Any CPU.ActiveCfg = Debug|Any CPU
		{59148CF2-66CE-41E6-B9AC-FE002A9A742A}.Debug|Any CPU.Build.0 = Debug|Any CPU
		{59148CF2-66CE-41E6-B9AC-FE002A9A742A}.Release|Any CPU.ActiveCfg = Release|Any CPU
		{59148CF2-66CE-41E6-B9AC-FE002A9A742A}.Release|Any CPU.Build.0 = Release|Any CPU
		{B9058C65-499A-4D17-B9A2-6A31FBA4C5AD}.Debug|Any CPU.ActiveCfg = Debug|Any CPU
		{B9058C65-499A-4D17-B9A2-6A31FBA4C5AD}.Debug|Any CPU.Build.0 = Debug|Any CPU
		{B9058C65-499A-4D17-B9A2-6A31FBA4C5AD}.Release|Any CPU.ActiveCfg = Release|Any CPU
		{B9058C65-499A-4D17-B9A2-6A31FBA4C5AD}.Release|Any CPU.Build.0 = Release|Any CPU
		{7B9ED4D9-2659-449B-BA64-36FECFC2E064}.Debug|Any CPU.ActiveCfg = Debug|Any CPU
		{7B9ED4D9-2659-449B-BA64-36FECFC2E064}.Debug|Any CPU.Build.0 = Debug|Any CPU
		{7B9ED4D9-2659-449B-BA64-36FECFC2E064}.Release|Any CPU.ActiveCfg = Release|Any CPU
		{7B9ED4D9-2659-449B-BA64-36FECFC2E064}.Release|Any CPU.Build.0 = Release|Any CPU
		{7023ACFD-6A65-4999-ACEE-5596D8745D62}.Debug|Any CPU.ActiveCfg = Debug|Any CPU
		{7023ACFD-6A65-4999-ACEE-5596D8745D62}.Debug|Any CPU.Build.0 = Debug|Any CPU
		{7023ACFD-6A65-4999-ACEE-5596D8745D62}.Release|Any CPU.ActiveCfg = Release|Any CPU
		{7023ACFD-6A65-4999-ACEE-5596D8745D62}.Release|Any CPU.Build.0 = Release|Any CPU
		{FE958DBF-8C81-492B-B32D-82FD51E1E243}.Debug|Any CPU.ActiveCfg = Debug|Any CPU
		{FE958DBF-8C81-492B-B32D-82FD51E1E243}.Debug|Any CPU.Build.0 = Debug|Any CPU
		{FE958DBF-8C81-492B-B32D-82FD51E1E243}.Release|Any CPU.ActiveCfg = Release|Any CPU
		{FE958DBF-8C81-492B-B32D-82FD51E1E243}.Release|Any CPU.Build.0 = Release|Any CPU
	EndGlobalSection
	GlobalSection(SolutionProperties) = preSolution
		HideSolutionNode = FALSE
	EndGlobalSection
	GlobalSection(ExtensibilityGlobals) = postSolution
		SolutionGuid = {946FDBD1-485D-4E94-9ED3-63E5C00D2CFC}
	EndGlobalSection
EndGlobal
